
Microsoft Visual Studio Solution File, Format Version 12.00
# Visual Studio Version 17
VisualStudioVersion = 17.9.34701.34
MinimumVisualStudioVersion = 10.0.40219.1
Project("{FAE04EC0-301F-11D3-BF4B-00C04F79EFBC}") = "VartoSchool", "VartoSchool\VartoSchool.csproj", "{0A673DA9-573B-4D4D-8A92-817269C6E84A}"
EndProject
Global
	GlobalSection(SolutionConfigurationPlatforms) = preSolution
		Debug|Any CPU = Debug|Any CPU
		Release|Any CPU = Release|Any CPU
	EndGlobalSection
	GlobalSection(ProjectConfigurationPlatforms) = postSolution
		{0A673DA9-573B-4D4D-8A92-817269C6E84A}.Debug|Any CPU.ActiveCfg = Debug|Any CPU
		{0A673DA9-573B-4D4D-8A92-817269C6E84A}.Debug|Any CPU.Build.0 = Debug|Any CPU
		{0A673DA9-573B-4D4D-8A92-817269C6E84A}.Release|Any CPU.ActiveCfg = Release|Any CPU
		{0A673DA9-573B-4D4D-8A92-817269C6E84A}.Release|Any CPU.Build.0 = Release|Any CPU
	EndGlobalSection
	GlobalSection(SolutionProperties) = preSolution
		HideSolutionNode = FALSE
	EndGlobalSection
	GlobalSection(ExtensibilityGlobals) = postSolution
		SolutionGuid = {32149099-1454-49CB-8AB2-33E8AC7E442C}
	EndGlobalSection
EndGlobal
